{
  "requires": true,
  "lockfileVersion": 1,
  "dependencies": {
    "angular": {
      "version": "1.7.8",
      "resolved": "https://registry.npmjs.org/angular/-/angular-1.7.8.tgz",
      "integrity": "sha512-wtef/y4COxM7ZVhddd7JtAAhyYObq9YXKar9tsW7558BImeVYteJiTxCKeJOL45lJ/+7B4wrAC49j8gTFYEthg=="
    },
    "monaco-editor": {
      "version": "0.18.1",
      "resolved": "https://registry.npmjs.org/monaco-editor/-/monaco-editor-0.18.1.tgz",
      "integrity": "sha512-fmL+RFZ2Hrezy+X/5ZczQW51LUmvzfcqOurnkCIRFTyjdVjzR7JvENzI6+VKBJzJdPh6EYL4RoWl92b2Hrk9fw=="
    }
  }
}
